
Microsoft Visual Studio Solution File, Format Version 12.00
# Visual Studio Version 17
VisualStudioVersion = 17.0.32126.317
MinimumVisualStudioVersion = 10.0.40219.1
Project("{FAE04EC0-301F-11D3-BF4B-00C04F79EFBC}") = "HousesApi", "HousesApi\HousesApi.csproj", "{AB536AE3-A1EF-4479-A453-9FA5B308BEDC}"
EndProject
Global
	GlobalSection(SolutionConfigurationPlatforms) = preSolution
		Debug|Any CPU = Debug|Any CPU
		Release|Any CPU = Release|Any CPU
	EndGlobalSection
	GlobalSection(ProjectConfigurationPlatforms) = postSolution
		{AB536AE3-A1EF-4479-A453-9FA5B308BEDC}.Debug|Any CPU.ActiveCfg = Debug|Any CPU
		{AB536AE3-A1EF-4479-A453-9FA5B308BEDC}.Debug|Any CPU.Build.0 = Debug|Any CPU
		{AB536AE3-A1EF-4479-A453-9FA5B308BEDC}.Release|Any CPU.ActiveCfg = Release|Any CPU
		{AB536AE3-A1EF-4479-A453-9FA5B308BEDC}.Release|Any CPU.Build.0 = Release|Any CPU
	EndGlobalSection
	GlobalSection(SolutionProperties) = preSolution
		HideSolutionNode = FALSE
	EndGlobalSection
	GlobalSection(ExtensibilityGlobals) = postSolution
		SolutionGuid = {8000380F-1FBD-4CEC-BBAB-E747F19798EF}
	EndGlobalSection
EndGlobal
